{
  "name": "rahisi",
  "version": "1.1.32",
  "lockfileVersion": 1,
  "requires": true,
  "dependencies": {
    "csstype": {
      "version": "2.5.6",
      "resolved": "https://registry.npmjs.org/csstype/-/csstype-2.5.6.tgz",
      "integrity": "sha512-tKPyhy0FmfYD2KQYXD5GzkvAYLYj96cMLXr648CKGd3wBe0QqoPipImjGiLze9c8leJK8J3n7ap90tpk3E6HGQ=="
    },
    "rahisi-type-utils": {
      "version": "1.0.3",
      "resolved": "https://registry.npmjs.org/rahisi-type-utils/-/rahisi-type-utils-1.0.3.tgz",
      "integrity": "sha512-b34mbeeeFHj7qgcLirHKCqMSsMhOChtZY4ddQBK5cUEAvg2bHoWPJdUO09exahczMjLumZCNcGjJdgChZBIPIw=="
    },
    "typescript": {
      "version": "3.6.4",
      "resolved": "https://registry.npmjs.org/typescript/-/typescript-3.6.4.tgz",
      "integrity": "sha512-unoCll1+l+YK4i4F8f22TaNVPRHcD9PA3yCuZ8g5e0qGqlVlJ/8FSateOLLSagn+Yg5+ZwuPkL8LFUc0Jcvksg==",
      "dev": true
    }
  }
}
